
Microsoft Visual Studio Solution File, Format Version 12.00
Project("{FAE04EC0-301F-11D3-BF4B-00C04F79EFBC}") = "SupportMicha.WpfUi", "SupportMicha.WpfUi\SupportMicha.WpfUi.csproj", "{5F820D7F-EED2-41E1-9C25-427D7D1B7FAC}"
EndProject
Project("{FAE04EC0-301F-11D3-BF4B-00C04F79EFBC}") = "SupportMicha.Startup", "SupportMicha.Startup\SupportMicha.Startup.csproj", "{97AC7A5F-866F-4F14-AC23-E10D5FCC6ABD}"
EndProject
Project("{FAE04EC0-301F-11D3-BF4B-00C04F79EFBC}") = "SupportMicha.Application", "SupportMicha.Application\SupportMicha.Application.csproj", "{A8490DDC-495C-49A5-AD3D-16D54C0F9315}"
EndProject
Project("{2150E333-8FDC-42A3-9474-1A3956D46DE8}") = "Libs", "Libs", "{04577ECA-BF15-4E34-8065-59EBF8BC2E84}"
EndProject
Project("{FAE04EC0-301F-11D3-BF4B-00C04F79EFBC}") = "ResultLib", "ResultLib\ResultLib.csproj", "{DCA9E661-C1AD-4025-9351-CC40DF1A92BB}"
EndProject
Project("{FAE04EC0-301F-11D3-BF4B-00C04F79EFBC}") = "SupportMicha.ApiInterface", "SupportMicha.ApiInterface\SupportMicha.ApiInterface.csproj", "{0057B648-C232-4309-BF41-1C8049F4DB9B}"
EndProject
Project("{FAE04EC0-301F-11D3-BF4B-00C04F79EFBC}") = "SupportMicha.Persistence", "SupportMicha.Persistence\SupportMicha.Persistence.csproj", "{B8A6771A-7007-4896-A455-F5377EBC1B77}"
EndProject
Project("{FAE04EC0-301F-11D3-BF4B-00C04F79EFBC}") = "SupportMicha.Domain", "SupportMicha.Domain\SupportMicha.Domain.csproj", "{EE8A4B32-9804-482C-99FE-28140FCA09B5}"
EndProject
Project("{2150E333-8FDC-42A3-9474-1A3956D46DE8}") = "Backend", "Backend", "{A940DC1B-9EB7-44D8-91B8-7413835272E4}"
EndProject
Project("{2150E333-8FDC-42A3-9474-1A3956D46DE8}") = "Frontend", "Frontend", "{F4ACA422-B817-42B1-B294-3D88F5B6922B}"
EndProject
Project("{2150E333-8FDC-42A3-9474-1A3956D46DE8}") = "Tests", "Tests", "{B438B986-C8A8-4FB7-8046-82148489EB36}"
EndProject
Project("{FAE04EC0-301F-11D3-BF4B-00C04F79EFBC}") = "SupportMicha.UnitTests", "Tests\SupportMicha.UnitTests\SupportMicha.UnitTests.csproj", "{00F21A78-D695-4C4E-AE9D-8A519D34BCDE}"
EndProject
Project("{FAE04EC0-301F-11D3-BF4B-00C04F79EFBC}") = "SupportMicha.BehaviorTests", "Tests\SupportMicha.BehaviorTests\SupportMicha.BehaviorTests.csproj", "{3A23AFB7-6314-4E13-85B1-620BC67FC874}"
EndProject
Project("{FAE04EC0-301F-11D3-BF4B-00C04F79EFBC}") = "SupportMicha.UnitTests.Ui", "Tests\SupportMicha.UnitTests.Ui\SupportMicha.UnitTests.Ui.csproj", "{2C0A17E6-583D-4F99-84ED-98E41CCA02D2}"
EndProject
Global
	GlobalSection(SolutionConfigurationPlatforms) = preSolution
		Debug|Any CPU = Debug|Any CPU
		Release|Any CPU = Release|Any CPU
	EndGlobalSection
	GlobalSection(ProjectConfigurationPlatforms) = postSolution
		{5F820D7F-EED2-41E1-9C25-427D7D1B7FAC}.Debug|Any CPU.ActiveCfg = Debug|Any CPU
		{5F820D7F-EED2-41E1-9C25-427D7D1B7FAC}.Debug|Any CPU.Build.0 = Debug|Any CPU
		{5F820D7F-EED2-41E1-9C25-427D7D1B7FAC}.Release|Any CPU.ActiveCfg = Release|Any CPU
		{5F820D7F-EED2-41E1-9C25-427D7D1B7FAC}.Release|Any CPU.Build.0 = Release|Any CPU
		{97AC7A5F-866F-4F14-AC23-E10D5FCC6ABD}.Debug|Any CPU.ActiveCfg = Debug|Any CPU
		{97AC7A5F-866F-4F14-AC23-E10D5FCC6ABD}.Debug|Any CPU.Build.0 = Debug|Any CPU
		{97AC7A5F-866F-4F14-AC23-E10D5FCC6ABD}.Release|Any CPU.ActiveCfg = Release|Any CPU
		{97AC7A5F-866F-4F14-AC23-E10D5FCC6ABD}.Release|Any CPU.Build.0 = Release|Any CPU
		{A8490DDC-495C-49A5-AD3D-16D54C0F9315}.Debug|Any CPU.ActiveCfg = Debug|Any CPU
		{A8490DDC-495C-49A5-AD3D-16D54C0F9315}.Debug|Any CPU.Build.0 = Debug|Any CPU
		{A8490DDC-495C-49A5-AD3D-16D54C0F9315}.Release|Any CPU.ActiveCfg = Release|Any CPU
		{A8490DDC-495C-49A5-AD3D-16D54C0F9315}.Release|Any CPU.Build.0 = Release|Any CPU
		{DCA9E661-C1AD-4025-9351-CC40DF1A92BB}.Debug|Any CPU.ActiveCfg = Debug|Any CPU
		{DCA9E661-C1AD-4025-9351-CC40DF1A92BB}.Debug|Any CPU.Build.0 = Debug|Any CPU
		{DCA9E661-C1AD-4025-9351-CC40DF1A92BB}.Release|Any CPU.ActiveCfg = Release|Any CPU
		{DCA9E661-C1AD-4025-9351-CC40DF1A92BB}.Release|Any CPU.Build.0 = Release|Any CPU
		{0057B648-C232-4309-BF41-1C8049F4DB9B}.Debug|Any CPU.ActiveCfg = Debug|Any CPU
		{0057B648-C232-4309-BF41-1C8049F4DB9B}.Debug|Any CPU.Build.0 = Debug|Any CPU
		{0057B648-C232-4309-BF41-1C8049F4DB9B}.Release|Any CPU.ActiveCfg = Release|Any CPU
		{0057B648-C232-4309-BF41-1C8049F4DB9B}.Release|Any CPU.Build.0 = Release|Any CPU
		{B8A6771A-7007-4896-A455-F5377EBC1B77}.Debug|Any CPU.ActiveCfg = Debug|Any CPU
		{B8A6771A-7007-4896-A455-F5377EBC1B77}.Debug|Any CPU.Build.0 = Debug|Any CPU
		{B8A6771A-7007-4896-A455-F5377EBC1B77}.Release|Any CPU.ActiveCfg = Release|Any CPU
		{B8A6771A-7007-4896-A455-F5377EBC1B77}.Release|Any CPU.Build.0 = Release|Any CPU
		{EE8A4B32-9804-482C-99FE-28140FCA09B5}.Debug|Any CPU.ActiveCfg = Debug|Any CPU
		{EE8A4B32-9804-482C-99FE-28140FCA09B5}.Debug|Any CPU.Build.0 = Debug|Any CPU
		{EE8A4B32-9804-482C-99FE-28140FCA09B5}.Release|Any CPU.ActiveCfg = Release|Any CPU
		{EE8A4B32-9804-482C-99FE-28140FCA09B5}.Release|Any CPU.Build.0 = Release|Any CPU
		{00F21A78-D695-4C4E-AE9D-8A519D34BCDE}.Debug|Any CPU.ActiveCfg = Debug|Any CPU
		{00F21A78-D695-4C4E-AE9D-8A519D34BCDE}.Debug|Any CPU.Build.0 = Debug|Any CPU
		{00F21A78-D695-4C4E-AE9D-8A519D34BCDE}.Release|Any CPU.ActiveCfg = Release|Any CPU
		{00F21A78-D695-4C4E-AE9D-8A519D34BCDE}.Release|Any CPU.Build.0 = Release|Any CPU
		{3A23AFB7-6314-4E13-85B1-620BC67FC874}.Debug|Any CPU.ActiveCfg = Debug|Any CPU
		{3A23AFB7-6314-4E13-85B1-620BC67FC874}.Debug|Any CPU.Build.0 = Debug|Any CPU
		{3A23AFB7-6314-4E13-85B1-620BC67FC874}.Release|Any CPU.ActiveCfg = Release|Any CPU
		{3A23AFB7-6314-4E13-85B1-620BC67FC874}.Release|Any CPU.Build.0 = Release|Any CPU
		{2C0A17E6-583D-4F99-84ED-98E41CCA02D2}.Debug|Any CPU.ActiveCfg = Debug|Any CPU
		{2C0A17E6-583D-4F99-84ED-98E41CCA02D2}.Debug|Any CPU.Build.0 = Debug|Any CPU
		{2C0A17E6-583D-4F99-84ED-98E41CCA02D2}.Release|Any CPU.ActiveCfg = Release|Any CPU
		{2C0A17E6-583D-4F99-84ED-98E41CCA02D2}.Release|Any CPU.Build.0 = Release|Any CPU
	EndGlobalSection
	GlobalSection(NestedProjects) = preSolution
		{DCA9E661-C1AD-4025-9351-CC40DF1A92BB} = {04577ECA-BF15-4E34-8065-59EBF8BC2E84}
		{A8490DDC-495C-49A5-AD3D-16D54C0F9315} = {A940DC1B-9EB7-44D8-91B8-7413835272E4}
		{EE8A4B32-9804-482C-99FE-28140FCA09B5} = {A940DC1B-9EB7-44D8-91B8-7413835272E4}
		{B8A6771A-7007-4896-A455-F5377EBC1B77} = {A940DC1B-9EB7-44D8-91B8-7413835272E4}
		{5F820D7F-EED2-41E1-9C25-427D7D1B7FAC} = {F4ACA422-B817-42B1-B294-3D88F5B6922B}
		{00F21A78-D695-4C4E-AE9D-8A519D34BCDE} = {B438B986-C8A8-4FB7-8046-82148489EB36}
		{3A23AFB7-6314-4E13-85B1-620BC67FC874} = {B438B986-C8A8-4FB7-8046-82148489EB36}
		{2C0A17E6-583D-4F99-84ED-98E41CCA02D2} = {B438B986-C8A8-4FB7-8046-82148489EB36}
		{0057B648-C232-4309-BF41-1C8049F4DB9B} = {A940DC1B-9EB7-44D8-91B8-7413835272E4}
	EndGlobalSection
EndGlobal
